
Microsoft Visual Studio Solution File, Format Version 12.00
# Visual Studio 15
VisualStudioVersion = 15.0.27004.2009
MinimumVisualStudioVersion = 10.0.40219.1
Project("{00D1A9C2-B5F0-4AF3-8072-F6C62B433612}") = "Subjector.Sql", "Subjector.Sql\Subjector.Sql.sqlproj", "{D65C3054-7478-4E9A-8F1E-E1B76D391FF6}"
EndProject
Project("{9A19103F-16F7-4668-BE54-9A1E7A4F7556}") = "Subjector.API", "Subjector.API\Subjector.API.csproj", "{0BB2A44F-A1C8-4022-86D5-CB42F02D54B1}"
EndProject
Project("{9A19103F-16F7-4668-BE54-9A1E7A4F7556}") = "Subjector.Common", "Subjector.Common\Subjector.Common.csproj", "{ABD618AC-0765-40E5-AA18-1E49DE478D1D}"
EndProject
Project("{9A19103F-16F7-4668-BE54-9A1E7A4F7556}") = "Subjector.Core", "Subjector.Core\Subjector.Core.csproj", "{278E5F49-BB74-4347-92C5-4D9A40A0651E}"
EndProject
Project("{FAE04EC0-301F-11D3-BF4B-00C04F79EFBC}") = "Subjector.Entities", "Subjector.Entities\Subjector.Entities.csproj", "{93E6B51A-3A53-4459-91DD-CA6D20928A20}"
EndProject
Global
	GlobalSection(SolutionConfigurationPlatforms) = preSolution
		Debug|Any CPU = Debug|Any CPU
		Release|Any CPU = Release|Any CPU
	EndGlobalSection
	GlobalSection(ProjectConfigurationPlatforms) = postSolution
		{D65C3054-7478-4E9A-8F1E-E1B76D391FF6}.Debug|Any CPU.ActiveCfg = Debug|Any CPU
		{D65C3054-7478-4E9A-8F1E-E1B76D391FF6}.Debug|Any CPU.Build.0 = Debug|Any CPU
		{D65C3054-7478-4E9A-8F1E-E1B76D391FF6}.Debug|Any CPU.Deploy.0 = Debug|Any CPU
		{D65C3054-7478-4E9A-8F1E-E1B76D391FF6}.Release|Any CPU.ActiveCfg = Release|Any CPU
		{D65C3054-7478-4E9A-8F1E-E1B76D391FF6}.Release|Any CPU.Build.0 = Release|Any CPU
		{D65C3054-7478-4E9A-8F1E-E1B76D391FF6}.Release|Any CPU.Deploy.0 = Release|Any CPU
		{0BB2A44F-A1C8-4022-86D5-CB42F02D54B1}.Debug|Any CPU.ActiveCfg = Debug|Any CPU
		{0BB2A44F-A1C8-4022-86D5-CB42F02D54B1}.Debug|Any CPU.Build.0 = Debug|Any CPU
		{0BB2A44F-A1C8-4022-86D5-CB42F02D54B1}.Release|Any CPU.ActiveCfg = Release|Any CPU
		{0BB2A44F-A1C8-4022-86D5-CB42F02D54B1}.Release|Any CPU.Build.0 = Release|Any CPU
		{ABD618AC-0765-40E5-AA18-1E49DE478D1D}.Debug|Any CPU.ActiveCfg = Debug|Any CPU
		{ABD618AC-0765-40E5-AA18-1E49DE478D1D}.Debug|Any CPU.Build.0 = Debug|Any CPU
		{ABD618AC-0765-40E5-AA18-1E49DE478D1D}.Release|Any CPU.ActiveCfg = Release|Any CPU
		{ABD618AC-0765-40E5-AA18-1E49DE478D1D}.Release|Any CPU.Build.0 = Release|Any CPU
		{278E5F49-BB74-4347-92C5-4D9A40A0651E}.Debug|Any CPU.ActiveCfg = Debug|Any CPU
		{278E5F49-BB74-4347-92C5-4D9A40A0651E}.Debug|Any CPU.Build.0 = Debug|Any CPU
		{278E5F49-BB74-4347-92C5-4D9A40A0651E}.Release|Any CPU.ActiveCfg = Release|Any CPU
		{278E5F49-BB74-4347-92C5-4D9A40A0651E}.Release|Any CPU.Build.0 = Release|Any CPU
		{93E6B51A-3A53-4459-91DD-CA6D20928A20}.Debug|Any CPU.ActiveCfg = Debug|Any CPU
		{93E6B51A-3A53-4459-91DD-CA6D20928A20}.Debug|Any CPU.Build.0 = Debug|Any CPU
		{93E6B51A-3A53-4459-91DD-CA6D20928A20}.Release|Any CPU.ActiveCfg = Release|Any CPU
		{93E6B51A-3A53-4459-91DD-CA6D20928A20}.Release|Any CPU.Build.0 = Release|Any CPU
	EndGlobalSection
	GlobalSection(SolutionProperties) = preSolution
		HideSolutionNode = FALSE
	EndGlobalSection
	GlobalSection(ExtensibilityGlobals) = postSolution
		SolutionGuid = {40EC0D25-2627-4D22-BDFD-15D18AB56607}
	EndGlobalSection
EndGlobal
